
Microsoft Visual Studio Solution File, Format Version 12.00
# Visual Studio Version 17
VisualStudioVersion = 17.5.002.0
MinimumVisualStudioVersion = 10.0.40219.1
Project("{9A19103F-16F7-4668-BE54-9A1E7A4F7556}") = "osFotoFix", "osFotoFix\osFotoFix.csproj", "{BFB1EB79-3A48-463D-9B1E-A588916BFC3E}"
EndProject
Project("{9A19103F-16F7-4668-BE54-9A1E7A4F7556}") = "osFotoFix.Tests", "osFotoFix.Tests\osFotoFix.Tests.csproj", "{51A84E9A-3883-4233-A62C-EF98E3C4CE67}"
EndProject
Global
	GlobalSection(SolutionConfigurationPlatforms) = preSolution
		Debug|Any CPU = Debug|Any CPU
		Release|Any CPU = Release|Any CPU
	EndGlobalSection
	GlobalSection(ProjectConfigurationPlatforms) = postSolution
		{BFB1EB79-3A48-463D-9B1E-A588916BFC3E}.Debug|Any CPU.ActiveCfg = Debug|Any CPU
		{BFB1EB79-3A48-463D-9B1E-A588916BFC3E}.Debug|Any CPU.Build.0 = Debug|Any CPU
		{BFB1EB79-3A48-463D-9B1E-A588916BFC3E}.Release|Any CPU.ActiveCfg = Release|Any CPU
		{BFB1EB79-3A48-463D-9B1E-A588916BFC3E}.Release|Any CPU.Build.0 = Release|Any CPU
		{51A84E9A-3883-4233-A62C-EF98E3C4CE67}.Debug|Any CPU.ActiveCfg = Debug|Any CPU
		{51A84E9A-3883-4233-A62C-EF98E3C4CE67}.Debug|Any CPU.Build.0 = Debug|Any CPU
		{51A84E9A-3883-4233-A62C-EF98E3C4CE67}.Release|Any CPU.ActiveCfg = Release|Any CPU
		{51A84E9A-3883-4233-A62C-EF98E3C4CE67}.Release|Any CPU.Build.0 = Release|Any CPU
	EndGlobalSection
	GlobalSection(SolutionProperties) = preSolution
		HideSolutionNode = FALSE
	EndGlobalSection
	GlobalSection(ExtensibilityGlobals) = postSolution
		SolutionGuid = {CEC5EFD1-559D-4232-B244-FE04AF681861}
	EndGlobalSection
EndGlobal
